// !$*UTF8*$!
{
	archiveVersion = 1;
	classes = {
	};
	objectVersion = 56;
	objects = {

/* Begin PBXBuildFile section */
		0AC378872ACF17610050E0D9 /* WeatherModel.swift in Sources */ = {isa = PBXBuildFile; fileRef = 0AC378862ACF17610050E0D9 /* WeatherModel.swift */; };
		0AC378892ACF17700050E0D9 /* WeatherManager.swift in Sources */ = {isa = PBXBuildFile; fileRef = 0AC378882ACF17700050E0D9 /* WeatherManager.swift */; };
		0AC3788B2ACF1ADA0050E0D9 /* WeatherDto.swift in Sources */ = {isa = PBXBuildFile; fileRef = 0AC3788A2ACF1ADA0050E0D9 /* WeatherDto.swift */; };
		0AC3788D2ACF1F540050E0D9 /* MainViewModel.swift in Sources */ = {isa = PBXBuildFile; fileRef = 0AC3788C2ACF1F540050E0D9 /* MainViewModel.swift */; };
		0AF08E022ACDE2FB0030E3C2 /* WeatherAppApp.swift in Sources */ = {isa = PBXBuildFile; fileRef = 0AF08E012ACDE2FB0030E3C2 /* WeatherAppApp.swift */; };
		0AF08E042ACDE2FB0030E3C2 /* ContentView.swift in Sources */ = {isa = PBXBuildFile; fileRef = 0AF08E032ACDE2FB0030E3C2 /* ContentView.swift */; };
		0AF08E062ACDE2FC0030E3C2 /* Assets.xcassets in Resources */ = {isa = PBXBuildFile; fileRef = 0AF08E052ACDE2FC0030E3C2 /* Assets.xcassets */; };
		0AF08E092ACDE2FC0030E3C2 /* Preview Assets.xcassets in Resources */ = {isa = PBXBuildFile; fileRef = 0AF08E082ACDE2FC0030E3C2 /* Preview Assets.xcassets */; };
		0AF08E1F2ACDEC6F0030E3C2 /* MainView.swift in Sources */ = {isa = PBXBuildFile; fileRef = 0AF08E1E2ACDEC6F0030E3C2 /* MainView.swift */; };
		0AF08E222ACDECC80030E3C2 /* Constants.swift in Sources */ = {isa = PBXBuildFile; fileRef = 0AF08E212ACDECC80030E3C2 /* Constants.swift */; };
/* End PBXBuildFile section */

/* Begin PBXFileReference section */
		0A4D8DBA2AD326F70088A307 /* Info.plist */ = {isa = PBXFileReference; lastKnownFileType = text.plist; path = Info.plist; sourceTree = "<group>"; };
		0AC378862ACF17610050E0D9 /* WeatherModel.swift */ = {isa = PBXFileReference; lastKnownFileType = sourcecode.swift; path = WeatherModel.swift; sourceTree = "<group>"; };
		0AC378882ACF17700050E0D9 /* WeatherManager.swift */ = {isa = PBXFileReference; lastKnownFileType = sourcecode.swift; path = WeatherManager.swift; sourceTree = "<group>"; };
		0AC3788A2ACF1ADA0050E0D9 /* WeatherDto.swift */ = {isa = PBXFileReference; lastKnownFileType = sourcecode.swift; path = WeatherDto.swift; sourceTree = "<group>"; };
		0AC3788C2ACF1F540050E0D9 /* MainViewModel.swift */ = {isa = PBXFileReference; lastKnownFileType = sourcecode.swift; path = MainViewModel.swift; sourceTree = "<group>"; };
		0AF08DFE2ACDE2FB0030E3C2 /* WeatherApp.app */ = {isa = PBXFileReference; explicitFileType = wrapper.application; includeInIndex = 0; path = WeatherApp.app; sourceTree = BUILT_PRODUCTS_DIR; };
		0AF08E012ACDE2FB0030E3C2 /* WeatherAppApp.swift */ = {isa = PBXFileReference; lastKnownFileType = sourcecode.swift; path = WeatherAppApp.swift; sourceTree = "<group>"; };
		0AF08E032ACDE2FB0030E3C2 /* ContentView.swift */ = {isa = PBXFileReference; lastKnownFileType = sourcecode.swift; path = ContentView.swift; sourceTree = "<group>"; };
		0AF08E052ACDE2FC0030E3C2 /* Assets.xcassets */ = {isa = PBXFileReference; lastKnownFileType = folder.assetcatalog; path = Assets.xcassets; sourceTree = "<group>"; };
		0AF08E082ACDE2FC0030E3C2 /* Preview Assets.xcassets */ = {isa = PBXFileReference; lastKnownFileType = folder.assetcatalog; path = "Preview Assets.xcassets"; sourceTree = "<group>"; };
		0AF08E1E2ACDEC6F0030E3C2 /* MainView.swift */ = {isa = PBXFileReference; lastKnownFileType = sourcecode.swift; path = MainView.swift; sourceTree = "<group>"; };
		0AF08E212ACDECC80030E3C2 /* Constants.swift */ = {isa = PBXFileReference; lastKnownFileType = sourcecode.swift; path = Constants.swift; sourceTree = "<group>"; };
/* End PBXFileReference section */

/* Begin PBXFrameworksBuildPhase section */
		0AF08DFB2ACDE2FB0030E3C2 /* Frameworks */ = {
			isa = PBXFrameworksBuildPhase;
			buildActionMask = 2147483647;
			files = (
			);
			runOnlyForDeploymentPostprocessing = 0;
		};
/* End PBXFrameworksBuildPhase section */

/* Begin PBXGroup section */
		0A4D8DB92AD323480088A307 /* Manager */ = {
			isa = PBXGroup;
			children = (
				0AC378882ACF17700050E0D9 /* WeatherManager.swift */,
			);
			path = Manager;
			sourceTree = "<group>";
		};
		0AF08DF52ACDE2FB0030E3C2 = {
			isa = PBXGroup;
			children = (
				0AF08E002ACDE2FB0030E3C2 /* WeatherApp */,
				0AF08DFF2ACDE2FB0030E3C2 /* Products */,
			);
			sourceTree = "<group>";
		};
		0AF08DFF2ACDE2FB0030E3C2 /* Products */ = {
			isa = PBXGroup;
			children = (
				0AF08DFE2ACDE2FB0030E3C2 /* WeatherApp.app */,
			);
			name = Products;
			sourceTree = "<group>";
		};
		0AF08E002ACDE2FB0030E3C2 /* WeatherApp */ = {
			isa = PBXGroup;
			children = (
				0A4D8DBA2AD326F70088A307 /* Info.plist */,
				0A4D8DB92AD323480088A307 /* Manager */,
				0AF08E202ACDECB90030E3C2 /* Common */,
				0AF08E1D2ACDEC5D0030E3C2 /* View */,
				0AF08E1C2ACDEC570030E3C2 /* ViewModel */,
				0AF08E1B2ACDEC530030E3C2 /* Model */,
				0AF08E012ACDE2FB0030E3C2 /* WeatherAppApp.swift */,
				0AF08E032ACDE2FB0030E3C2 /* ContentView.swift */,
				0AF08E052ACDE2FC0030E3C2 /* Assets.xcassets */,
				0AF08E072ACDE2FC0030E3C2 /* Preview Content */,
			);
			path = WeatherApp;
			sourceTree = "<group>";
		};
		0AF08E072ACDE2FC0030E3C2 /* Preview Content */ = {
			isa = PBXGroup;
			children = (
				0AF08E082ACDE2FC0030E3C2 /* Preview Assets.xcassets */,
			);
			path = "Preview Content";
			sourceTree = "<group>";
		};
		0AF08E1B2ACDEC530030E3C2 /* Model */ = {
			isa = PBXGroup;
			children = (
				0AC378862ACF17610050E0D9 /* WeatherModel.swift */,
				0AC3788A2ACF1ADA0050E0D9 /* WeatherDto.swift */,
			);
			path = Model;
			sourceTree = "<group>";
		};
		0AF08E1C2ACDEC570030E3C2 /* ViewModel */ = {
			isa = PBXGroup;
			children = (
				0AC3788C2ACF1F540050E0D9 /* MainViewModel.swift */,
			);
			path = ViewModel;
			sourceTree = "<group>";
		};
		0AF08E1D2ACDEC5D0030E3C2 /* View */ = {
			isa = PBXGroup;
			children = (
				0AF08E1E2ACDEC6F0030E3C2 /* MainView.swift */,
			);
			path = View;
			sourceTree = "<group>";
		};
		0AF08E202ACDECB90030E3C2 /* Common */ = {
			isa = PBXGroup;
			children = (
				0AF08E212ACDECC80030E3C2 /* Constants.swift */,
			);
			path = Common;
			sourceTree = "<group>";
		};
/* End PBXGroup section */

/* Begin PBXNativeTarget section */
		0AF08DFD2ACDE2FB0030E3C2 /* WeatherApp */ = {
			isa = PBXNativeTarget;
			buildConfigurationList = 0AF08E0C2ACDE2FC0030E3C2 /* Build configuration list for PBXNativeTarget "WeatherApp" */;
			buildPhases = (
				0AF08DFA2ACDE2FB0030E3C2 /* Sources */,
				0AF08DFB2ACDE2FB0030E3C2 /* Frameworks */,
				0AF08DFC2ACDE2FB0030E3C2 /* Resources */,
			);
			buildRules = (
			);
			dependencies = (
			);
			name = WeatherApp;
			productName = WeatherApp;
			productReference = 0AF08DFE2ACDE2FB0030E3C2 /* WeatherApp.app */;
			productType = "com.apple.product-type.application";
		};
/* End PBXNativeTarget section */

/* Begin PBXProject section */
		0AF08DF62ACDE2FB0030E3C2 /* Project object */ = {
			isa = PBXProject;
			attributes = {
				BuildIndependentTargetsInParallel = 1;
				LastSwiftUpdateCheck = 1500;
				LastUpgradeCheck = 1500;
				TargetAttributes = {
					0AF08DFD2ACDE2FB0030E3C2 = {
						CreatedOnToolsVersion = 15.0;
					};
				};
			};
			buildConfigurationList = 0AF08DF92ACDE2FB0030E3C2 /* Build configuration list for PBXProject "WeatherApp" */;
			compatibilityVersion = "Xcode 14.0";
			developmentRegion = en;
			hasScannedForEncodings = 0;
			knownRegions = (
				en,
				Base,
			);
			mainGroup = 0AF08DF52ACDE2FB0030E3C2;
			productRefGroup = 0AF08DFF2ACDE2FB0030E3C2 /* Products */;
			projectDirPath = "";
			projectRoot = "";
			targets = (
				0AF08DFD2ACDE2FB0030E3C2 /* WeatherApp */,
			);
		};
/* End PBXProject section */

/* Begin PBXResourcesBuildPhase section */
		0AF08DFC2ACDE2FB0030E3C2 /* Resources */ = {
			isa = PBXResourcesBuildPhase;
			buildActionMask = 2147483647;
			files = (
				0AF08E092ACDE2FC0030E3C2 /* Preview Assets.xcassets in Resources */,
				0AF08E062ACDE2FC0030E3C2 /* Assets.xcassets in Resources */,
			);
			runOnlyForDeploymentPostprocessing = 0;
		};
/* End PBXResourcesBuildPhase section */

/* Begin PBXSourcesBuildPhase section */
		0AF08DFA2ACDE2FB0030E3C2 /* Sources */ = {
			isa = PBXSourcesBuildPhase;
			buildActionMask = 2147483647;
			files = (
				0AC378892ACF17700050E0D9 /* WeatherManager.swift in Sources */,
				0AC3788B2ACF1ADA0050E0D9 /* WeatherDto.swift in Sources */,
				0AF08E042ACDE2FB0030E3C2 /* ContentView.swift in Sources */,
				0AF08E1F2ACDEC6F0030E3C2 /* MainView.swift in Sources */,
				0AF08E022ACDE2FB0030E3C2 /* WeatherAppApp.swift in Sources */,
				0AF08E222ACDECC80030E3C2 /* Constants.swift in Sources */,
				0AC378872ACF17610050E0D9 /* WeatherModel.swift in Sources */,
				0AC3788D2ACF1F540050E0D9 /* MainViewModel.swift in Sources */,
			);
			runOnlyForDeploymentPostprocessing = 0;
		};
/* End PBXSourcesBuildPhase section */

/* Begin XCBuildConfiguration section */
		0AF08E0A2ACDE2FC0030E3C2 /* Debug */ = {
			isa = XCBuildConfiguration;
			buildSettings = {
				ALWAYS_SEARCH_USER_PATHS = NO;
				ASSETCATALOG_COMPILER_GENERATE_SWIFT_ASSET_SYMBOL_EXTENSIONS = YES;
				CLANG_ANALYZER_NONNULL = YES;
				CLANG_ANALYZER_NUMBER_OBJECT_CONVERSION = YES_AGGRESSIVE;
				CLANG_CXX_LANGUAGE_STANDARD = "gnu++20";
				CLANG_ENABLE_MODULES = YES;
				CLANG_ENABLE_OBJC_ARC = YES;
				CLANG_ENABLE_OBJC_WEAK = YES;
				CLANG_WARN_BLOCK_CAPTURE_AUTORELEASING = YES;
				CLANG_WARN_BOOL_CONVERSION = YES;
				CLANG_WARN_COMMA = YES;
				CLANG_WARN_CONSTANT_CONVERSION = YES;
				CLANG_WARN_DEPRECATED_OBJC_IMPLEMENTATIONS = YES;
				CLANG_WARN_DIRECT_OBJC_ISA_USAGE = YES_ERROR;
				CLANG_WARN_DOCUMENTATION_COMMENTS = YES;
				CLANG_WARN_EMPTY_BODY = YES;
				CLANG_WARN_ENUM_CONVERSION = YES;
				CLANG_WARN_INFINITE_RECURSION = YES;
				CLANG_WARN_INT_CONVERSION = YES;
				CLANG_WARN_NON_LITERAL_NULL_CONVERSION = YES;
				CLANG_WARN_OBJC_IMPLICIT_RETAIN_SELF = YES;
				CLANG_WARN_OBJC_LITERAL_CONVERSION = YES;
				CLANG_WARN_OBJC_ROOT_CLASS = YES_ERROR;
				CLANG_WARN_QUOTED_INCLUDE_IN_FRAMEWORK_HEADER = YES;
				CLANG_WARN_RANGE_LOOP_ANALYSIS = YES;
				CLANG_WARN_STRICT_PROTOTYPES = YES;
				CLANG_WARN_SUSPICIOUS_MOVE = YES;
				CLANG_WARN_UNGUARDED_AVAILABILITY = YES_AGGRESSIVE;
				CLANG_WARN_UNREACHABLE_CODE = YES;
				CLANG_WARN__DUPLICATE_METHOD_MATCH = YES;
				COPY_PHASE_STRIP = NO;
				DEBUG_INFORMATION_FORMAT = dwarf;
				ENABLE_STRICT_OBJC_MSGSEND = YES;
				ENABLE_TESTABILITY = YES;
				ENABLE_USER_SCRIPT_SANDBOXING = YES;
				GCC_C_LANGUAGE_STANDARD = gnu17;
				GCC_DYNAMIC_NO_PIC = NO;
				GCC_NO_COMMON_BLOCKS = YES;
				GCC_OPTIMIZATION_LEVEL = 0;
				GCC_PREPROCESSOR_DEFINITIONS = (
					"DEBUG=1",
					"$(inherited)",
				);
				GCC_WARN_64_TO_32_BIT_CONVERSION = YES;
				GCC_WARN_ABOUT_RETURN_TYPE = YES_ERROR;
				GCC_WARN_UNDECLARED_SELECTOR = YES;
				GCC_WARN_UNINITIALIZED_AUTOS = YES_AGGRESSIVE;
				GCC_WARN_UNUSED_FUNCTION = YES;
				GCC_WARN_UNUSED_VARIABLE = YES;
				IPHONEOS_DEPLOYMENT_TARGET = 17.0;
				LOCALIZATION_PREFERS_STRING_CATALOGS = YES;
				MTL_ENABLE_DEBUG_INFO = INCLUDE_SOURCE;
				MTL_FAST_MATH = YES;
				ONLY_ACTIVE_ARCH = YES;
				SDKROOT = iphoneos;
				SWIFT_ACTIVE_COMPILATION_CONDITIONS = "DEBUG $(inherited)";
				SWIFT_OPTIMIZATION_LEVEL = "-Onone";
			};
			name = Debug;
		};
		0AF08E0B2ACDE2FC0030E3C2 /* Release */ = {
			isa = XCBuildConfiguration;
			buildSettings = {
				ALWAYS_SEARCH_USER_PATHS = NO;
				ASSETCATALOG_COMPILER_GENERATE_SWIFT_ASSET_SYMBOL_EXTENSIONS = YES;
				CLANG_ANALYZER_NONNULL = YES;
				CLANG_ANALYZER_NUMBER_OBJECT_CONVERSION = YES_AGGRESSIVE;
				CLANG_CXX_LANGUAGE_STANDARD = "gnu++20";
				CLANG_ENABLE_MODULES = YES;
				CLANG_ENABLE_OBJC_ARC = YES;
				CLANG_ENABLE_OBJC_WEAK = YES;
				CLANG_WARN_BLOCK_CAPTURE_AUTORELEASING = YES;
				CLANG_WARN_BOOL_CONVERSION = YES;
				CLANG_WARN_COMMA = YES;
				CLANG_WARN_CONSTANT_CONVERSION = YES;
				CLANG_WARN_DEPRECATED_OBJC_IMPLEMENTATIONS = YES;
				CLANG_WARN_DIRECT_OBJC_ISA_USAGE = YES_ERROR;
				CLANG_WARN_DOCUMENTATION_COMMENTS = YES;
				CLANG_WARN_EMPTY_BODY = YES;
				CLANG_WARN_ENUM_CONVERSION = YES;
				CLANG_WARN_INFINITE_RECURSION = YES;
				CLANG_WARN_INT_CONVERSION = YES;
				CLANG_WARN_NON_LITERAL_NULL_CONVERSION = YES;
				CLANG_WARN_OBJC_IMPLICIT_RETAIN_SELF = YES;
				CLANG_WARN_OBJC_LITERAL_CONVERSION = YES;
				CLANG_WARN_OBJC_ROOT_CLASS = YES_ERROR;
				CLANG_WARN_QUOTED_INCLUDE_IN_FRAMEWORK_HEADER = YES;
				CLANG_WARN_RANGE_LOOP_ANALYSIS = YES;
				CLANG_WARN_STRICT_PROTOTYPES = YES;
				CLANG_WARN_SUSPICIOUS_MOVE = YES;
				CLANG_WARN_UNGUARDED_AVAILABILITY = YES_AGGRESSIVE;
				CLANG_WARN_UNREACHABLE_CODE = YES;
				CLANG_WARN__DUPLICATE_METHOD_MATCH = YES;
				COPY_PHASE_STRIP = NO;
				DEBUG_INFORMATION_FORMAT = "dwarf-with-dsym";
				ENABLE_NS_ASSERTIONS = NO;
				ENABLE_STRICT_OBJC_MSGSEND = YES;
				ENABLE_USER_SCRIPT_SANDBOXING = YES;
				GCC_C_LANGUAGE_STANDARD = gnu17;
				GCC_NO_COMMON_BLOCKS = YES;
				GCC_WARN_64_TO_32_BIT_CONVERSION = YES;
				GCC_WARN_ABOUT_RETURN_TYPE = YES_ERROR;
				GCC_WARN_UNDECLARED_SELECTOR = YES;
				GCC_WARN_UNINITIALIZED_AUTOS = YES_AGGRESSIVE;
				GCC_WARN_UNUSED_FUNCTION = YES;
				GCC_WARN_UNUSED_VARIABLE = YES;
				IPHONEOS_DEPLOYMENT_TARGET = 17.0;
				LOCALIZATION_PREFERS_STRING_CATALOGS = YES;
				MTL_ENABLE_DEBUG_INFO = NO;
				MTL_FAST_MATH = YES;
				SDKROOT = iphoneos;
				SWIFT_COMPILATION_MODE = wholemodule;
				VALIDATE_PRODUCT = YES;
			};
			name = Release;
		};
		0AF08E0D2ACDE2FC0030E3C2 /* Debug */ = {
			isa = XCBuildConfiguration;
			buildSettings = {
				ASSETCATALOG_COMPILER_APPICON_NAME = AppIcon;
				ASSETCATALOG_COMPILER_GLOBAL_ACCENT_COLOR_NAME = AccentColor;
				CODE_SIGN_STYLE = Automatic;
				CURRENT_PROJECT_VERSION = 1;
				DEVELOPMENT_ASSET_PATHS = "\"WeatherApp/Preview Content\"";
				DEVELOPMENT_TEAM = 6352VNTRN9;
				ENABLE_PREVIEWS = YES;
				GENERATE_INFOPLIST_FILE = YES;
				INFOPLIST_FILE = WeatherApp/Info.plist;
				INFOPLIST_KEY_NSLocationAlwaysAndWhenInUseUsageDescription = YES;
				INFOPLIST_KEY_NSLocationWhenInUseUsageDescription = "";
				INFOPLIST_KEY_UIApplicationSceneManifest_Generation = YES;
				INFOPLIST_KEY_UIApplicationSupportsIndirectInputEvents = YES;
				INFOPLIST_KEY_UILaunchScreen_Generation = YES;
				INFOPLIST_KEY_UISupportedInterfaceOrientations_iPad = "UIInterfaceOrientationPortrait UIInterfaceOrientationPortraitUpsideDown UIInterfaceOrientationLandscapeLeft UIInterfaceOrientationLandscapeRight";
				INFOPLIST_KEY_UISupportedInterfaceOrientations_iPhone = "UIInterfaceOrientationPortrait UIInterfaceOrientationLandscapeLeft UIInterfaceOrientationLandscapeRight";
				LD_RUNPATH_SEARCH_PATHS = (
					"$(inherited)",
					"@executable_path/Frameworks",
				);
				MARKETING_VERSION = 1.0;
				PRODUCT_BUNDLE_IDENTIFIER = RekasJ.WeatherApp;
				PRODUCT_NAME = "$(TARGET_NAME)";
				SWIFT_EMIT_LOC_STRINGS = YES;
				SWIFT_VERSION = 5.0;
				TARGETED_DEVICE_FAMILY = "1,2";
			};
			name = Debug;
		};
		0AF08E0E2ACDE2FC0030E3C2 /* Release */ = {
			isa = XCBuildConfiguration;
			buildSettings = {
				ASSETCATALOG_COMPILER_APPICON_NAME = AppIcon;
				ASSETCATALOG_COMPILER_GLOBAL_ACCENT_COLOR_NAME = AccentColor;
				CODE_SIGN_STYLE = Automatic;
				CURRENT_PROJECT_VERSION = 1;
				DEVELOPMENT_ASSET_PATHS = "\"WeatherApp/Preview Content\"";
				DEVELOPMENT_TEAM = 6352VNTRN9;
				ENABLE_PREVIEWS = YES;
				GENERATE_INFOPLIST_FILE = YES;
				INFOPLIST_FILE = WeatherApp/Info.plist;
				INFOPLIST_KEY_NSLocationAlwaysAndWhenInUseUsageDescription = YES;
				INFOPLIST_KEY_NSLocationWhenInUseUsageDescription = "";
				INFOPLIST_KEY_UIApplicationSceneManifest_Generation = YES;
				INFOPLIST_KEY_UIApplicationSupportsIndirectInputEvents = YES;
				INFOPLIST_KEY_UILaunchScreen_Generation = YES;
				INFOPLIST_KEY_UISupportedInterfaceOrientations_iPad = "UIInterfaceOrientationPortrait UIInterfaceOrientationPortraitUpsideDown UIInterfaceOrientationLandscapeLeft UIInterfaceOrientationLandscapeRight";
				INFOPLIST_KEY_UISupportedInterfaceOrientations_iPhone = "UIInterfaceOrientationPortrait UIInterfaceOrientationLandscapeLeft UIInterfaceOrientationLandscapeRight";
				LD_RUNPATH_SEARCH_PATHS = (
					"$(inherited)",
					"@executable_path/Frameworks",
				);
				MARKETING_VERSION = 1.0;
				PRODUCT_BUNDLE_IDENTIFIER = RekasJ.WeatherApp;
				PRODUCT_NAME = "$(TARGET_NAME)";
				SWIFT_EMIT_LOC_STRINGS = YES;
				SWIFT_VERSION = 5.0;
				TARGETED_DEVICE_FAMILY = "1,2";
			};
			name = Release;
		};
/* End XCBuildConfiguration section */

/* Begin XCConfigurationList section */
		0AF08DF92ACDE2FB0030E3C2 /* Build configuration list for PBXProject "WeatherApp" */ = {
			isa = XCConfigurationList;
			buildConfigurations = (
				0AF08E0A2ACDE2FC0030E3C2 /* Debug */,
				0AF08E0B2ACDE2FC0030E3C2 /* Release */,
			);
			defaultConfigurationIsVisible = 0;
			defaultConfigurationName = Release;
		};
		0AF08E0C2ACDE2FC0030E3C2 /* Build configuration list for PBXNativeTarget "WeatherApp" */ = {
			isa = XCConfigurationList;
			buildConfigurations = (
				0AF08E0D2ACDE2FC0030E3C2 /* Debug */,
				0AF08E0E2ACDE2FC0030E3C2 /* Release */,
			);
			defaultConfigurationIsVisible = 0;
			defaultConfigurationName = Release;
		};
/* End XCConfigurationList section */
	};
	rootObject = 0AF08DF62ACDE2FB0030E3C2 /* Project object */;
}
